// !$*UTF8*$!
{
	archiveVersion = 1;
	classes = {
	};
	objectVersion = 46;
	objects = {

/* Begin PBXBuildFile section */
		E25963C41C0D39A2004C9D8E /* main.m in Sources */ = {isa = PBXBuildFile; fileRef = E25963C31C0D39A2004C9D8E /* main.m */; };
		E25963C71C0D39A2004C9D8E /* AppDelegate.m in Sources */ = {isa = PBXBuildFile; fileRef = E25963C61C0D39A2004C9D8E /* AppDelegate.m */; };
		E25963CA1C0D39A2004C9D8E /* ViewController.m in Sources */ = {isa = PBXBuildFile; fileRef = E25963C91C0D39A2004C9D8E /* ViewController.m */; };
		E25963CD1C0D39A2004C9D8E /* Main.storyboard in Resources */ = {isa = PBXBuildFile; fileRef = E25963CB1C0D39A2004C9D8E /* Main.storyboard */; };
		E25963CF1C0D39A2004C9D8E /* Assets.xcassets in Resources */ = {isa = PBXBuildFile; fileRef = E25963CE1C0D39A2004C9D8E /* Assets.xcassets */; };
		E25963D21C0D39A2004C9D8E /* LaunchScreen.storyboard in Resources */ = {isa = PBXBuildFile; fileRef = E25963D01C0D39A2004C9D8E /* LaunchScreen.storyboard */; };
/* End PBXBuildFile section */

/* Begin PBXFileReference section */
		E25963BF1C0D39A2004C9D8E /* tigerTestGit.app */ = {isa = PBXFileReference; explicitFileType = wrapper.application; includeInIndex = 0; path = tigerTestGit.app; sourceTree = BUILT_PRODUCTS_DIR; };
		E25963C31C0D39A2004C9D8E /* main.m */ = {isa = PBXFileReference; lastKnownFileType = sourcecode.c.objc; path = main.m; sourceTree = "<group>"; };
		E25963C51C0D39A2004C9D8E /* AppDelegate.h */ = {isa = PBXFileReference; lastKnownFileType = sourcecode.c.h; path = AppDelegate.h; sourceTree = "<group>"; };
		E25963C61C0D39A2004C9D8E /* AppDelegate.m */ = {isa = PBXFileReference; lastKnownFileType = sourcecode.c.objc; path = AppDelegate.m; sourceTree = "<group>"; };
		E25963C81C0D39A2004C9D8E /* ViewController.h */ = {isa = PBXFileReference; lastKnownFileType = sourcecode.c.h; path = ViewController.h; sourceTree = "<group>"; };
		E25963C91C0D39A2004C9D8E /* ViewController.m */ = {isa = PBXFileReference; lastKnownFileType = sourcecode.c.objc; path = ViewController.m; sourceTree = "<group>"; };
		E25963CC1C0D39A2004C9D8E /* Base */ = {isa = PBXFileReference; lastKnownFileType = file.storyboard; name = Base; path = Base.lproj/Main.storyboard; sourceTree = "<group>"; };
		E25963CE1C0D39A2004C9D8E /* Assets.xcassets */ = {isa = PBXFileReference; lastKnownFileType = folder.assetcatalog; path = Assets.xcassets; sourceTree = "<group>"; };
		E25963D11C0D39A2004C9D8E /* Base */ = {isa = PBXFileReference; lastKnownFileType = file.storyboard; name = Base; path = Base.lproj/LaunchScreen.storyboard; sourceTree = "<group>"; };
		E25963D31C0D39A2004C9D8E /* Info.plist */ = {isa = PBXFileReference; lastKnownFileType = text.plist.xml; path = Info.plist; sourceTree = "<group>"; };
/* End PBXFileReference section */

/* Begin PBXFrameworksBuildPhase section */
		E25963BC1C0D39A2004C9D8E /* Frameworks */ = {
			isa = PBXFrameworksBuildPhase;
			buildActionMask = 2147483647;
			files = (
			);
			runOnlyForDeploymentPostprocessing = 0;
		};
/* End PBXFrameworksBuildPhase section */

/* Begin PBXGroup section */
		E25963B61C0D39A2004C9D8E = {
			isa = PBXGroup;
			children = (
				E25963C11C0D39A2004C9D8E /* tigerTestGit */,
				E25963C01C0D39A2004C9D8E /* Products */,
			);
			sourceTree = "<group>";
		};
		E25963C01C0D39A2004C9D8E /* Products */ = {
			isa = PBXGroup;
			children = (
				E25963BF1C0D39A2004C9D8E /* tigerTestGit.app */,
			);
			name = Products;
			sourceTree = "<group>";
		};
		E25963C11C0D39A2004C9D8E /* tigerTestGit */ = {
			isa = PBXGroup;
			children = (
				E25963C51C0D39A2004C9D8E /* AppDelegate.h */,
				E25963C61C0D39A2004C9D8E /* AppDelegate.m */,
				E25963C81C0D39A2004C9D8E /* ViewController.h */,
				E25963C91C0D39A2004C9D8E /* ViewController.m */,
				E25963CB1C0D39A2004C9D8E /* Main.storyboard */,
				E25963CE1C0D39A2004C9D8E /* Assets.xcassets */,
				E25963D01C0D39A2004C9D8E /* LaunchScreen.storyboard */,
				E25963D31C0D39A2004C9D8E /* Info.plist */,
				E25963C21C0D39A2004C9D8E /* Supporting Files */,
			);
			path = tigerTestGit;
			sourceTree = "<group>";
		};
		E25963C21C0D39A2004C9D8E /* Supporting Files */ = {
			isa = PBXGroup;
			children = (
				E25963C31C0D39A2004C9D8E /* main.m */,
			);
			name = "Supporting Files";
			sourceTree = "<group>";
		};
/* End PBXGroup section */

/* Begin PBXNativeTarget section */
		E25963BE1C0D39A2004C9D8E /* tigerTestGit */ = {
			isa = PBXNativeTarget;
			buildConfigurationList = E25963D61C0D39A2004C9D8E /* Build configuration list for PBXNativeTarget "tigerTestGit" */;
			buildPhases = (
				E25963BB1C0D39A2004C9D8E /* Sources */,
				E25963BC1C0D39A2004C9D8E /* Frameworks */,
				E25963BD1C0D39A2004C9D8E /* Resources */,
			);
			buildRules = (
			);
			dependencies = (
			);
			name = tigerTestGit;
			productName = tigerTestGit;
			productReference = E25963BF1C0D39A2004C9D8E /* tigerTestGit.app */;
			productType = "com.apple.product-type.application";
		};
/* End PBXNativeTarget section */

/* Begin PBXProject section */
		E25963B71C0D39A2004C9D8E /* Project object */ = {
			isa = PBXProject;
			attributes = {
				LastUpgradeCheck = 0710;
				ORGANIZATIONNAME = tarena42;
				TargetAttributes = {
					E25963BE1C0D39A2004C9D8E = {
						CreatedOnToolsVersion = 7.1;
					};
				};
			};
			buildConfigurationList = E25963BA1C0D39A2004C9D8E /* Build configuration list for PBXProject "tigerTestGit" */;
			compatibilityVersion = "Xcode 3.2";
			developmentRegion = English;
			hasScannedForEncodings = 0;
			knownRegions = (
				en,
				Base,
			);
			mainGroup = E25963B61C0D39A2004C9D8E;
			productRefGroup = E25963C01C0D39A2004C9D8E /* Products */;
			projectDirPath = "";
			projectRoot = "";
			targets = (
				E25963BE1C0D39A2004C9D8E /* tigerTestGit */,
			);
		};
/* End PBXProject section */

/* Begin PBXResourcesBuildPhase section */
		E25963BD1C0D39A2004C9D8E /* Resources */ = {
			isa = PBXResourcesBuildPhase;
			buildActionMask = 2147483647;
			files = (
				E25963D21C0D39A2004C9D8E /* LaunchScreen.storyboard in Resources */,
				E25963CF1C0D39A2004C9D8E /* Assets.xcassets in Resources */,
				E25963CD1C0D39A2004C9D8E /* Main.storyboard in Resources */,
			);
			runOnlyForDeploymentPostprocessing = 0;
		};
/* End PBXResourcesBuildPhase section */

/* Begin PBXSourcesBuildPhase section */
		E25963BB1C0D39A2004C9D8E /* Sources */ = {
			isa = PBXSourcesBuildPhase;
			buildActionMask = 2147483647;
			files = (
				E25963CA1C0D39A2004C9D8E /* ViewController.m in Sources */,
				E25963C71C0D39A2004C9D8E /* AppDelegate.m in Sources */,
				E25963C41C0D39A2004C9D8E /* main.m in Sources */,
			);
			runOnlyForDeploymentPostprocessing = 0;
		};
/* End PBXSourcesBuildPhase section */

/* Begin PBXVariantGroup section */
		E25963CB1C0D39A2004C9D8E /* Main.storyboard */ = {
			isa = PBXVariantGroup;
			children = (
				E25963CC1C0D39A2004C9D8E /* Base */,
			);
			name = Main.storyboard;
			sourceTree = "<group>";
		};
		E25963D01C0D39A2004C9D8E /* LaunchScreen.storyboard */ = {
			isa = PBXVariantGroup;
			children = (
				E25963D11C0D39A2004C9D8E /* Base */,
			);
			name = LaunchScreen.storyboard;
			sourceTree = "<group>";
		};
/* End PBXVariantGroup section */

/* Begin XCBuildConfiguration section */
		E25963D41C0D39A2004C9D8E /* Debug */ = {
			isa = XCBuildConfiguration;
			buildSettings = {
				ALWAYS_SEARCH_USER_PATHS = NO;
				CLANG_CXX_LANGUAGE_STANDARD = "gnu++0x";
				CLANG_CXX_LIBRARY = "libc++";
				CLANG_ENABLE_MODULES = YES;
				CLANG_ENABLE_OBJC_ARC = YES;
				CLANG_WARN_BOOL_CONVERSION = YES;
				CLANG_WARN_CONSTANT_CONVERSION = YES;
				CLANG_WARN_DIRECT_OBJC_ISA_USAGE = YES_ERROR;
				CLANG_WARN_EMPTY_BODY = YES;
				CLANG_WARN_ENUM_CONVERSION = YES;
				CLANG_WARN_INT_CONVERSION = YES;
				CLANG_WARN_OBJC_ROOT_CLASS = YES_ERROR;
				CLANG_WARN_UNREACHABLE_CODE = YES;
				CLANG_WARN__DUPLICATE_METHOD_MATCH = YES;
				"CODE_SIGN_IDENTITY[sdk=iphoneos*]" = "iPhone Developer";
				COPY_PHASE_STRIP = NO;
				DEBUG_INFORMATION_FORMAT = dwarf;
				ENABLE_STRICT_OBJC_MSGSEND = YES;
				ENABLE_TESTABILITY = YES;
				GCC_C_LANGUAGE_STANDARD = gnu99;
				GCC_DYNAMIC_NO_PIC = NO;
				GCC_NO_COMMON_BLOCKS = YES;
				GCC_OPTIMIZATION_LEVEL = 0;
				GCC_PREPROCESSOR_DEFINITIONS = (
					"DEBUG=1",
					"$(inherited)",
				);
				GCC_WARN_64_TO_32_BIT_CONVERSION = YES;
				GCC_WARN_ABOUT_RETURN_TYPE = YES_ERROR;
				GCC_WARN_UNDECLARED_SELECTOR = YES;
				GCC_WARN_UNINITIALIZED_AUTOS = YES_AGGRESSIVE;
				GCC_WARN_UNUSED_FUNCTION = YES;
				GCC_WARN_UNUSED_VARIABLE = YES;
				IPHONEOS_DEPLOYMENT_TARGET = 9.1;
				MTL_ENABLE_DEBUG_INFO = YES;
				ONLY_ACTIVE_ARCH = YES;
				SDKROOT = iphoneos;
			};
			name = Debug;
		};
		E25963D51C0D39A2004C9D8E /* Release */ = {
			isa = XCBuildConfiguration;
			buildSettings = {
				ALWAYS_SEARCH_USER_PATHS = NO;
				CLANG_CXX_LANGUAGE_STANDARD = "gnu++0x";
				CLANG_CXX_LIBRARY = "libc++";
				CLANG_ENABLE_MODULES = YES;
				CLANG_ENABLE_OBJC_ARC = YES;
				CLANG_WARN_BOOL_CONVERSION = YES;
				CLANG_WARN_CONSTANT_CONVERSION = YES;
				CLANG_WARN_DIRECT_OBJC_ISA_USAGE = YES_ERROR;
				CLANG_WARN_EMPTY_BODY = YES;
				CLANG_WARN_ENUM_CONVERSION = YES;
				CLANG_WARN_INT_CONVERSION = YES;
				CLANG_WARN_OBJC_ROOT_CLASS = YES_ERROR;
				CLANG_WARN_UNREACHABLE_CODE = YES;
				CLANG_WARN__DUPLICATE_METHOD_MATCH = YES;
				"CODE_SIGN_IDENTITY[sdk=iphoneos*]" = "iPhone Developer";
				COPY_PHASE_STRIP = NO;
				DEBUG_INFORMATION_FORMAT = "dwarf-with-dsym";
				ENABLE_NS_ASSERTIONS = NO;
				ENABLE_STRICT_OBJC_MSGSEND = YES;
				GCC_C_LANGUAGE_STANDARD = gnu99;
				GCC_NO_COMMON_BLOCKS = YES;
				GCC_WARN_64_TO_32_BIT_CONVERSION = YES;
				GCC_WARN_ABOUT_RETURN_TYPE = YES_ERROR;
				GCC_WARN_UNDECLARED_SELECTOR = YES;
				GCC_WARN_UNINITIALIZED_AUTOS = YES_AGGRESSIVE;
				GCC_WARN_UNUSED_FUNCTION = YES;
				GCC_WARN_UNUSED_VARIABLE = YES;
				IPHONEOS_DEPLOYMENT_TARGET = 9.1;
				MTL_ENABLE_DEBUG_INFO = NO;
				SDKROOT = iphoneos;
				VALIDATE_PRODUCT = YES;
			};
			name = Release;
		};
		E25963D71C0D39A2004C9D8E /* Debug */ = {
			isa = XCBuildConfiguration;
			buildSettings = {
				ASSETCATALOG_COMPILER_APPICON_NAME = AppIcon;
				INFOPLIST_FILE = tigerTestGit/Info.plist;
				LD_RUNPATH_SEARCH_PATHS = "$(inherited) @executable_path/Frameworks";
				PRODUCT_BUNDLE_IDENTIFIER = cn.etu.tarena42.tigerTestGit;
				PRODUCT_NAME = "$(TARGET_NAME)";
			};
			name = Debug;
		};
		E25963D81C0D39A2004C9D8E /* Release */ = {
			isa = XCBuildConfiguration;
			buildSettings = {
				ASSETCATALOG_COMPILER_APPICON_NAME = AppIcon;
				INFOPLIST_FILE = tigerTestGit/Info.plist;
				LD_RUNPATH_SEARCH_PATHS = "$(inherited) @executable_path/Frameworks";
				PRODUCT_BUNDLE_IDENTIFIER = cn.etu.tarena42.tigerTestGit;
				PRODUCT_NAME = "$(TARGET_NAME)";
			};
			name = Release;
		};
/* End XCBuildConfiguration section */

/* Begin XCConfigurationList section */
		E25963BA1C0D39A2004C9D8E /* Build configuration list for PBXProject "tigerTestGit" */ = {
			isa = XCConfigurationList;
			buildConfigurations = (
				E25963D41C0D39A2004C9D8E /* Debug */,
				E25963D51C0D39A2004C9D8E /* Release */,
			);
			defaultConfigurationIsVisible = 0;
			defaultConfigurationName = Release;
		};
		E25963D61C0D39A2004C9D8E /* Build configuration list for PBXNativeTarget "tigerTestGit" */ = {
			isa = XCConfigurationList;
			buildConfigurations = (
				E25963D71C0D39A2004C9D8E /* Debug */,
				E25963D81C0D39A2004C9D8E /* Release */,
			);
			defaultConfigurationIsVisible = 0;
		};
/* End XCConfigurationList section */
	};
	rootObject = E25963B71C0D39A2004C9D8E /* Project object */;
}
